{
  "version": 4,
  "terraform_version": "0.14.8",
  "serial": 3,
  "lineage": "e1cf034b-3ec8-cd16-1759-f9820015d2a8",
  "outputs": {
    "app_info": {
      "value": "0oaywvyte1K58mSMq0h7 oidc_client",
      "type": "string"
    }
  },
  "resources": [
    {
      "mode": "managed",
      "type": "okta_app_oauth",
      "name": "igor_dulger_example",
      "provider": "provider[\"registry.terraform.io/oktadeveloper/okta\"]",
      "instances": [
        {
          "schema_version": 0,
          "attributes": {
            "auto_key_rotation": true,
            "auto_submit_toolbar": false,
            "client_basic_secret": null,
            "client_id": "0oaywvyte1K58mSMq0h7",
            "client_secret": "I0sOTauDea6_ma26lkVHNdRfKurvg35C-81aLjkL",
            "client_uri": "",
            "consent_method": "TRUSTED",
            "custom_client_id": null,
            "grant_types": [
              "authorization_code"
            ],
            "groups": null,
            "hide_ios": true,
            "hide_web": true,
            "id": "0oaywvyte1K58mSMq0h7",
            "implicit_assignment": null,
            "issuer_mode": "ORG_URL",
            "jwks": [],
            "label": "example",
            "login_mode": "DISABLED",
            "login_scopes": null,
            "login_uri": "",
            "logo_uri": "",
            "name": "oidc_client",
            "omit_secret": false,
            "policy_uri": "",
            "post_logout_redirect_uris": null,
            "profile": "",
            "redirect_uris": [
              "https://example.com/"
            ],
            "response_types": [
              "code"
            ],
            "sign_on_mode": "OPENID_CONNECT",
            "status": "ACTIVE",
            "token_endpoint_auth_method": "client_secret_basic",
            "tos_uri": "",
            "type": "web",
            "users": []
          },
          "sensitive_attributes": [],
          "private": "bnVsbA=="
        }
      ]
    }
  ]
}
